
Microsoft Visual Studio Solution File, Format Version 12.00
# Visual Studio Version 17
VisualStudioVersion = 17.6.33829.357
MinimumVisualStudioVersion = 10.0.40219.1
Project("{FAE04EC0-301F-11D3-BF4B-00C04F79EFBC}") = "Ex01", "Ex01\Ex01.csproj", "{D99982F3-7189-4596-9D56-DDE0A997EFB8}"
EndProject
Global
	GlobalSection(SolutionConfigurationPlatforms) = preSolution
		Debug|Any CPU = Debug|Any CPU
		Release|Any CPU = Release|Any CPU
	EndGlobalSection
	GlobalSection(ProjectConfigurationPlatforms) = postSolution
		{D99982F3-7189-4596-9D56-DDE0A997EFB8}.Debug|Any CPU.ActiveCfg = Debug|Any CPU
		{D99982F3-7189-4596-9D56-DDE0A997EFB8}.Debug|Any CPU.Build.0 = Debug|Any CPU
		{D99982F3-7189-4596-9D56-DDE0A997EFB8}.Release|Any CPU.ActiveCfg = Release|Any CPU
		{D99982F3-7189-4596-9D56-DDE0A997EFB8}.Release|Any CPU.Build.0 = Release|Any CPU
	EndGlobalSection
	GlobalSection(SolutionProperties) = preSolution
		HideSolutionNode = FALSE
	EndGlobalSection
	GlobalSection(ExtensibilityGlobals) = postSolution
		SolutionGuid = {E46CDAB8-3256-4431-A5EB-7F427BE59872}
	EndGlobalSection
EndGlobal
