
Microsoft Visual Studio Solution File, Format Version 12.00
# Visual Studio Version 17
VisualStudioVersion = 17.6.33829.357
MinimumVisualStudioVersion = 10.0.40219.1
Project("{FAE04EC0-301F-11D3-BF4B-00C04F79EFBC}") = "Ex03", "Ex03\Ex03.csproj", "{BEF0C830-DF31-42EB-A1A5-E6AEB1522527}"
EndProject
Global
	GlobalSection(SolutionConfigurationPlatforms) = preSolution
		Debug|Any CPU = Debug|Any CPU
		Release|Any CPU = Release|Any CPU
	EndGlobalSection
	GlobalSection(ProjectConfigurationPlatforms) = postSolution
		{BEF0C830-DF31-42EB-A1A5-E6AEB1522527}.Debug|Any CPU.ActiveCfg = Debug|Any CPU
		{BEF0C830-DF31-42EB-A1A5-E6AEB1522527}.Debug|Any CPU.Build.0 = Debug|Any CPU
		{BEF0C830-DF31-42EB-A1A5-E6AEB1522527}.Release|Any CPU.ActiveCfg = Release|Any CPU
		{BEF0C830-DF31-42EB-A1A5-E6AEB1522527}.Release|Any CPU.Build.0 = Release|Any CPU
	EndGlobalSection
	GlobalSection(SolutionProperties) = preSolution
		HideSolutionNode = FALSE
	EndGlobalSection
	GlobalSection(ExtensibilityGlobals) = postSolution
		SolutionGuid = {442A99D1-978F-4B4F-A2ED-265A8043A115}
	EndGlobalSection
EndGlobal
