
Microsoft Visual Studio Solution File, Format Version 12.00
# Visual Studio Version 17
VisualStudioVersion = 17.6.33829.357
MinimumVisualStudioVersion = 10.0.40219.1
Project("{FAE04EC0-301F-11D3-BF4B-00C04F79EFBC}") = "Ex10", "Ex10\Ex10.csproj", "{C58E1491-6998-464D-9554-66DF1A7E1B3D}"
EndProject
Global
	GlobalSection(SolutionConfigurationPlatforms) = preSolution
		Debug|Any CPU = Debug|Any CPU
		Release|Any CPU = Release|Any CPU
	EndGlobalSection
	GlobalSection(ProjectConfigurationPlatforms) = postSolution
		{C58E1491-6998-464D-9554-66DF1A7E1B3D}.Debug|Any CPU.ActiveCfg = Debug|Any CPU
		{C58E1491-6998-464D-9554-66DF1A7E1B3D}.Debug|Any CPU.Build.0 = Debug|Any CPU
		{C58E1491-6998-464D-9554-66DF1A7E1B3D}.Release|Any CPU.ActiveCfg = Release|Any CPU
		{C58E1491-6998-464D-9554-66DF1A7E1B3D}.Release|Any CPU.Build.0 = Release|Any CPU
	EndGlobalSection
	GlobalSection(SolutionProperties) = preSolution
		HideSolutionNode = FALSE
	EndGlobalSection
	GlobalSection(ExtensibilityGlobals) = postSolution
		SolutionGuid = {16B5B67B-0B74-41FC-BE84-988AE0D091EE}
	EndGlobalSection
EndGlobal
